
Microsoft Visual Studio Solution File, Format Version 12.00
Project("{FAE04EC0-301F-11D3-BF4B-00C04F79EFBC}") = "Singleton", "Singleton\Singleton.csproj", "{399E782E-6E81-42C5-8034-84EE3A238483}"
EndProject
Project("{FAE04EC0-301F-11D3-BF4B-00C04F79EFBC}") = "PrototypePattern", "PrototypePattern\PrototypePattern.csproj", "{2F033A49-41A4-4245-81C3-5912996B6C45}"
EndProject
Project("{FAE04EC0-301F-11D3-BF4B-00C04F79EFBC}") = "BuilderPattern", "BuilderPattern\BuilderPattern.csproj", "{EBC5D899-0E7A-44B7-BC78-DABD6C67E71B}"
EndProject
Project("{FAE04EC0-301F-11D3-BF4B-00C04F79EFBC}") = "FactoryMethodPattern", "FactoryMethodPattern\FactoryMethodPattern.csproj", "{70F19819-A09D-45E2-A1E8-5571267118E7}"
EndProject
Project("{FAE04EC0-301F-11D3-BF4B-00C04F79EFBC}") = "SimpleFactoryPattern", "SimpleFactoryPattern\SimpleFactoryPattern.csproj", "{14BA292B-F502-4D77-9FFC-E79E52E048DE}"
EndProject
Project("{FAE04EC0-301F-11D3-BF4B-00C04F79EFBC}") = "AbstractFactoryPattern", "AbstractFactoryPattern\AbstractFactoryPattern.csproj", "{807C6F9E-D0B9-4E63-B640-21ABD3F919F2}"
EndProject
Global
	GlobalSection(SolutionConfigurationPlatforms) = preSolution
		Debug|Any CPU = Debug|Any CPU
		Release|Any CPU = Release|Any CPU
	EndGlobalSection
	GlobalSection(ProjectConfigurationPlatforms) = postSolution
		{399E782E-6E81-42C5-8034-84EE3A238483}.Debug|Any CPU.ActiveCfg = Debug|Any CPU
		{399E782E-6E81-42C5-8034-84EE3A238483}.Debug|Any CPU.Build.0 = Debug|Any CPU
		{399E782E-6E81-42C5-8034-84EE3A238483}.Release|Any CPU.ActiveCfg = Release|Any CPU
		{399E782E-6E81-42C5-8034-84EE3A238483}.Release|Any CPU.Build.0 = Release|Any CPU
		{2F033A49-41A4-4245-81C3-5912996B6C45}.Debug|Any CPU.ActiveCfg = Debug|Any CPU
		{2F033A49-41A4-4245-81C3-5912996B6C45}.Debug|Any CPU.Build.0 = Debug|Any CPU
		{2F033A49-41A4-4245-81C3-5912996B6C45}.Release|Any CPU.ActiveCfg = Release|Any CPU
		{2F033A49-41A4-4245-81C3-5912996B6C45}.Release|Any CPU.Build.0 = Release|Any CPU
		{EBC5D899-0E7A-44B7-BC78-DABD6C67E71B}.Debug|Any CPU.ActiveCfg = Debug|Any CPU
		{EBC5D899-0E7A-44B7-BC78-DABD6C67E71B}.Debug|Any CPU.Build.0 = Debug|Any CPU
		{EBC5D899-0E7A-44B7-BC78-DABD6C67E71B}.Release|Any CPU.ActiveCfg = Release|Any CPU
		{EBC5D899-0E7A-44B7-BC78-DABD6C67E71B}.Release|Any CPU.Build.0 = Release|Any CPU
		{70F19819-A09D-45E2-A1E8-5571267118E7}.Debug|Any CPU.ActiveCfg = Debug|Any CPU
		{70F19819-A09D-45E2-A1E8-5571267118E7}.Debug|Any CPU.Build.0 = Debug|Any CPU
		{70F19819-A09D-45E2-A1E8-5571267118E7}.Release|Any CPU.ActiveCfg = Release|Any CPU
		{70F19819-A09D-45E2-A1E8-5571267118E7}.Release|Any CPU.Build.0 = Release|Any CPU
		{14BA292B-F502-4D77-9FFC-E79E52E048DE}.Debug|Any CPU.ActiveCfg = Debug|Any CPU
		{14BA292B-F502-4D77-9FFC-E79E52E048DE}.Debug|Any CPU.Build.0 = Debug|Any CPU
		{14BA292B-F502-4D77-9FFC-E79E52E048DE}.Release|Any CPU.ActiveCfg = Release|Any CPU
		{14BA292B-F502-4D77-9FFC-E79E52E048DE}.Release|Any CPU.Build.0 = Release|Any CPU
		{807C6F9E-D0B9-4E63-B640-21ABD3F919F2}.Debug|Any CPU.ActiveCfg = Debug|Any CPU
		{807C6F9E-D0B9-4E63-B640-21ABD3F919F2}.Debug|Any CPU.Build.0 = Debug|Any CPU
		{807C6F9E-D0B9-4E63-B640-21ABD3F919F2}.Release|Any CPU.ActiveCfg = Release|Any CPU
		{807C6F9E-D0B9-4E63-B640-21ABD3F919F2}.Release|Any CPU.Build.0 = Release|Any CPU
	EndGlobalSection
EndGlobal
